
Microsoft Visual Studio Solution File, Format Version 12.00
# Visual Studio Version 16
VisualStudioVersion = 16.0.30611.23
MinimumVisualStudioVersion = 10.0.40219.1
Project("{888888A0-9F3D-457C-B088-3A5042F75D52}") = "Football", "Football\Football.pyproj", "{30C884EF-5F8E-41D6-A760-13261A4C5083}"
EndProject
Global
	GlobalSection(SolutionConfigurationPlatforms) = preSolution
		Debug|Any CPU = Debug|Any CPU
		Release|Any CPU = Release|Any CPU
	EndGlobalSection
	GlobalSection(ProjectConfigurationPlatforms) = postSolution
		{30C884EF-5F8E-41D6-A760-13261A4C5083}.Debug|Any CPU.ActiveCfg = Debug|Any CPU
		{30C884EF-5F8E-41D6-A760-13261A4C5083}.Release|Any CPU.ActiveCfg = Release|Any CPU
	EndGlobalSection
	GlobalSection(SolutionProperties) = preSolution
		HideSolutionNode = FALSE
	EndGlobalSection
	GlobalSection(ExtensibilityGlobals) = postSolution
		SolutionGuid = {A6B6E371-B80C-4888-A7D4-ECCDC8249762}
	EndGlobalSection
EndGlobal
